
Microsoft Visual Studio Solution File, Format Version 12.00
# Visual Studio Version 17
VisualStudioVersion = 17.4.33103.184
MinimumVisualStudioVersion = 10.0.40219.1
Project("{FAE04EC0-301F-11D3-BF4B-00C04F79EFBC}") = "03-CodeFirst-WebApi_LibraryDB", "03-CodeFirst-WebApi_LibraryDB\03-CodeFirst-WebApi_LibraryDB.csproj", "{6F312D6A-08A3-4C14-AFD8-42AA480AAFDC}"
EndProject
Global
	GlobalSection(SolutionConfigurationPlatforms) = preSolution
		Debug|Any CPU = Debug|Any CPU
		Release|Any CPU = Release|Any CPU
	EndGlobalSection
	GlobalSection(ProjectConfigurationPlatforms) = postSolution
		{6F312D6A-08A3-4C14-AFD8-42AA480AAFDC}.Debug|Any CPU.ActiveCfg = Debug|Any CPU
		{6F312D6A-08A3-4C14-AFD8-42AA480AAFDC}.Debug|Any CPU.Build.0 = Debug|Any CPU
		{6F312D6A-08A3-4C14-AFD8-42AA480AAFDC}.Release|Any CPU.ActiveCfg = Release|Any CPU
		{6F312D6A-08A3-4C14-AFD8-42AA480AAFDC}.Release|Any CPU.Build.0 = Release|Any CPU
	EndGlobalSection
	GlobalSection(SolutionProperties) = preSolution
		HideSolutionNode = FALSE
	EndGlobalSection
	GlobalSection(ExtensibilityGlobals) = postSolution
		SolutionGuid = {3C2E5E26-46E9-46B7-A803-ED15A6CECB33}
	EndGlobalSection
EndGlobal
